Microsoft Visual Studio Solution File, Format Version 8.00
Project("{8BC9CEB8-8B4A-11D0-8D11-00A0C91BC942}") = "StarrySkyAndSnake", "StarrySkyAndSnake\StarrySkyAndSnake.vcproj", "{9DB6ADFF-B4C3-4B05-A543-E6E2E051DF91}"
	ProjectSection(ProjectDependencies) = postProject
	EndProjectSection
EndProject
Global
	GlobalSection(SolutionConfiguration) = preSolution
		Debug = Debug
		Release = Release
	EndGlobalSection
	GlobalSection(ProjectConfiguration) = postSolution
		{9DB6ADFF-B4C3-4B05-A543-E6E2E051DF91}.Debug.ActiveCfg = Debug|Win32
		{9DB6ADFF-B4C3-4B05-A543-E6E2E051DF91}.Debug.Build.0 = Debug|Win32
		{9DB6ADFF-B4C3-4B05-A543-E6E2E051DF91}.Release.ActiveCfg = Release|Win32
		{9DB6ADFF-B4C3-4B05-A543-E6E2E051DF91}.Release.Build.0 = Release|Win32
	EndGlobalSection
	GlobalSection(ExtensibilityGlobals) = postSolution
	EndGlobalSection
	GlobalSection(ExtensibilityAddIns) = postSolution
	EndGlobalSection
EndGlobal
